
Microsoft Visual Studio Solution File, Format Version 12.00
# Visual Studio Version 16
VisualStudioVersion = 16.0.31727.386
MinimumVisualStudioVersion = 10.0.40219.1
Project("{FAE04EC0-301F-11D3-BF4B-00C04F79EFBC}") = "tdd-cs-lotterytickets", "tdd-cs-lotterytickets\tdd-cs-lotterytickets.csproj", "{87D87E9F-0BD6-4390-A4CB-64480F9827CD}"
EndProject
Project("{FAE04EC0-301F-11D3-BF4B-00C04F79EFBC}") = "LotteryService", "LotteryService\LotteryService.csproj", "{C43D0BE1-8643-445F-8FE2-6CDC67A0A2F0}"
EndProject
Global
	GlobalSection(SolutionConfigurationPlatforms) = preSolution
		Debug|Any CPU = Debug|Any CPU
		Release|Any CPU = Release|Any CPU
	EndGlobalSection
	GlobalSection(ProjectConfigurationPlatforms) = postSolution
		{87D87E9F-0BD6-4390-A4CB-64480F9827CD}.Debug|Any CPU.ActiveCfg = Debug|Any CPU
		{87D87E9F-0BD6-4390-A4CB-64480F9827CD}.Debug|Any CPU.Build.0 = Debug|Any CPU
		{87D87E9F-0BD6-4390-A4CB-64480F9827CD}.Release|Any CPU.ActiveCfg = Release|Any CPU
		{87D87E9F-0BD6-4390-A4CB-64480F9827CD}.Release|Any CPU.Build.0 = Release|Any CPU
		{C43D0BE1-8643-445F-8FE2-6CDC67A0A2F0}.Debug|Any CPU.ActiveCfg = Debug|Any CPU
		{C43D0BE1-8643-445F-8FE2-6CDC67A0A2F0}.Debug|Any CPU.Build.0 = Debug|Any CPU
		{C43D0BE1-8643-445F-8FE2-6CDC67A0A2F0}.Release|Any CPU.ActiveCfg = Release|Any CPU
		{C43D0BE1-8643-445F-8FE2-6CDC67A0A2F0}.Release|Any CPU.Build.0 = Release|Any CPU
	EndGlobalSection
	GlobalSection(SolutionProperties) = preSolution
		HideSolutionNode = FALSE
	EndGlobalSection
	GlobalSection(ExtensibilityGlobals) = postSolution
		SolutionGuid = {6DB9AB81-4C43-4AFA-B67C-6C5819D5D9FC}
	EndGlobalSection
EndGlobal
