
Microsoft Visual Studio Solution File, Format Version 12.00
# Visual Studio Version 16
VisualStudioVersion = 16.0.31727.386
MinimumVisualStudioVersion = 10.0.40219.1
Project("{9A19103F-16F7-4668-BE54-9A1E7A4F7556}") = "PersonUtils", "PersonUtils\PersonUtils.csproj", "{16203015-D7EC-434C-BAE6-EC04079ABFD7}"
EndProject
Project("{FAE04EC0-301F-11D3-BF4B-00C04F79EFBC}") = "PersonUtilsTests", "PersonUtilsTests\PersonUtilsTests.csproj", "{94E71452-98CE-4A50-AAC1-885DAD6E581B}"
EndProject
Global
	GlobalSection(SolutionConfigurationPlatforms) = preSolution
		Debug|Any CPU = Debug|Any CPU
		Release|Any CPU = Release|Any CPU
	EndGlobalSection
	GlobalSection(ProjectConfigurationPlatforms) = postSolution
		{16203015-D7EC-434C-BAE6-EC04079ABFD7}.Debug|Any CPU.ActiveCfg = Debug|Any CPU
		{16203015-D7EC-434C-BAE6-EC04079ABFD7}.Debug|Any CPU.Build.0 = Debug|Any CPU
		{16203015-D7EC-434C-BAE6-EC04079ABFD7}.Release|Any CPU.ActiveCfg = Release|Any CPU
		{16203015-D7EC-434C-BAE6-EC04079ABFD7}.Release|Any CPU.Build.0 = Release|Any CPU
		{94E71452-98CE-4A50-AAC1-885DAD6E581B}.Debug|Any CPU.ActiveCfg = Debug|Any CPU
		{94E71452-98CE-4A50-AAC1-885DAD6E581B}.Debug|Any CPU.Build.0 = Debug|Any CPU
		{94E71452-98CE-4A50-AAC1-885DAD6E581B}.Release|Any CPU.ActiveCfg = Release|Any CPU
		{94E71452-98CE-4A50-AAC1-885DAD6E581B}.Release|Any CPU.Build.0 = Release|Any CPU
	EndGlobalSection
	GlobalSection(SolutionProperties) = preSolution
		HideSolutionNode = FALSE
	EndGlobalSection
	GlobalSection(ExtensibilityGlobals) = postSolution
		SolutionGuid = {CE09644E-B7A2-4066-906A-65F5D58956EE}
	EndGlobalSection
EndGlobal
